
Microsoft Visual Studio Solution File, Format Version 12.00
# Visual Studio 14
VisualStudioVersion = 14.0.25420.1
MinimumVisualStudioVersion = 10.0.40219.1
Project("{FAE04EC0-301F-11D3-BF4B-00C04F79EFBC}") = "VisionUI", "VisionUI\VisionUI.csproj", "{2A8FE202-4BD6-43A2-A450-90B4034C6BA1}"
EndProject
Project("{FAE04EC0-301F-11D3-BF4B-00C04F79EFBC}") = "WinFormsUI", "WinFormsUI\WinFormsUI.csproj", "{C75532C4-765B-418E-B09B-46D36B2ABDB1}"
EndProject
Project("{2150E333-8FDC-42A3-9474-1A3956D46DE8}") = "Themes", "Themes", "{CB51D46B-FF95-423B-87A4-8EF6066E2769}"
EndProject
Project("{FAE04EC0-301F-11D3-BF4B-00C04F79EFBC}") = "ThemeVS2015", "WinFormsUI\ThemeVS2015.csproj", "{007D4AC8-948F-4816-86AD-B9D1343672C1}"
EndProject
Project("{FAE04EC0-301F-11D3-BF4B-00C04F79EFBC}") = "ThemeVS2013", "WinFormsUI\ThemeVS2013.csproj", "{245E07F6-10D5-4CFA-B003-0DEB06B223DA}"
EndProject
Project("{FAE04EC0-301F-11D3-BF4B-00C04F79EFBC}") = "ThemeVS2012", "WinFormsUI\ThemeVS2012.csproj", "{4ED4FDB5-9FD0-49E6-876D-1635F727C755}"
EndProject
Project("{FAE04EC0-301F-11D3-BF4B-00C04F79EFBC}") = "ThemeVS2005Multithreading", "WinFormsUI\ThemeVS2005Multithreading.csproj", "{01B09009-BD30-47F2-B318-4B583D606C61}"
EndProject
Project("{FAE04EC0-301F-11D3-BF4B-00C04F79EFBC}") = "ThemeVS2003", "WinFormsUI\ThemeVS2003.csproj", "{719F0F69-66DA-438D-B5BB-2D883EF4ACE2}"
EndProject
Project("{FAE04EC0-301F-11D3-BF4B-00C04F79EFBC}") = "LoginControl", "LoginControl\LoginControl.csproj", "{450EDCF1-9EC4-426C-B634-250B60B17070}"
EndProject
Project("{FAE04EC0-301F-11D3-BF4B-00C04F79EFBC}") = "Chloe", "Chloe\Chloe.csproj", "{251CAE99-2279-4B09-AFE1-123C69030457}"
EndProject
Project("{FAE04EC0-301F-11D3-BF4B-00C04F79EFBC}") = "Chloe.SQLite", "Chloe.SQLite\Chloe.SQLite.csproj", "{A89888E2-7EE1-4490-B860-D6DBF5601958}"
EndProject
Project("{FAE04EC0-301F-11D3-BF4B-00C04F79EFBC}") = "DataBaseConfig", "SQLiteConfig\DataBaseConfig.csproj", "{F9563A3B-9E39-4926-A1F7-E1A36A113420}"
EndProject
Project("{FAE04EC0-301F-11D3-BF4B-00C04F79EFBC}") = "LogRecord", "LogRecord\LogRecord.csproj", "{26B8916B-E463-40A9-925B-3ABCFDCD08B1}"
EndProject
Project("{FAE04EC0-301F-11D3-BF4B-00C04F79EFBC}") = "SelectionLanguage", "SelectionLanguage\SelectionLanguage.csproj", "{8255004B-940A-4DA4-8159-5CD6B43F55E5}"
EndProject
Project("{FAE04EC0-301F-11D3-BF4B-00C04F79EFBC}") = "ToolBoxControl", "ToolBox\ToolBoxControl.csproj", "{57F6221D-1B7E-4A43-B31C-084A3F01EDCD}"
EndProject
Project("{FAE04EC0-301F-11D3-BF4B-00C04F79EFBC}") = "CamFile", "CamFile\CamFile.csproj", "{D1E08F6A-9F67-4BD8-B8FC-CEC92ABD9B69}"
EndProject
Project("{FAE04EC0-301F-11D3-BF4B-00C04F79EFBC}") = "CamCommon", "CamCommon\CamCommon.csproj", "{CD1138D8-E6D9-4A50-8D69-3C50D6F6156A}"
EndProject
Project("{FAE04EC0-301F-11D3-BF4B-00C04F79EFBC}") = "ImgProcess", "ImgProcess\ImgProcess.csproj", "{7E06C2CA-FD55-49BE-A865-43639C4256D4}"
EndProject
Project("{FAE04EC0-301F-11D3-BF4B-00C04F79EFBC}") = "VisionTools", "VisionTools\VisionTools.csproj", "{5F59F145-FA27-42A7-8D5B-105733E7E084}"
EndProject
Project("{FAE04EC0-301F-11D3-BF4B-00C04F79EFBC}") = "ViewWindow", "ViewROI\ViewWindow.csproj", "{99ECA0E8-B420-4645-979D-224F135286BE}"
EndProject
Global
	GlobalSection(SolutionConfigurationPlatforms) = preSolution
		Debug|Any CPU = Debug|Any CPU
		Debug|x64 = Debug|x64
		Debug|x86 = Debug|x86
		Release|Any CPU = Release|Any CPU
		Release|x64 = Release|x64
		Release|x86 = Release|x86
	EndGlobalSection
	GlobalSection(ProjectConfigurationPlatforms) = postSolution
		{2A8FE202-4BD6-43A2-A450-90B4034C6BA1}.Debug|Any CPU.ActiveCfg = Debug|x64
		{2A8FE202-4BD6-43A2-A450-90B4034C6BA1}.Debug|Any CPU.Build.0 = Debug|x64
		{2A8FE202-4BD6-43A2-A450-90B4034C6BA1}.Debug|x64.ActiveCfg = Debug|x64
		{2A8FE202-4BD6-43A2-A450-90B4034C6BA1}.Debug|x64.Build.0 = Debug|x64
		{2A8FE202-4BD6-43A2-A450-90B4034C6BA1}.Debug|x86.ActiveCfg = Debug|x64
		{2A8FE202-4BD6-43A2-A450-90B4034C6BA1}.Debug|x86.Build.0 = Debug|x64
		{2A8FE202-4BD6-43A2-A450-90B4034C6BA1}.Release|Any CPU.ActiveCfg = Release|Any CPU
		{2A8FE202-4BD6-43A2-A450-90B4034C6BA1}.Release|Any CPU.Build.0 = Release|Any CPU
		{2A8FE202-4BD6-43A2-A450-90B4034C6BA1}.Release|x64.ActiveCfg = Release|Any CPU
		{2A8FE202-4BD6-43A2-A450-90B4034C6BA1}.Release|x64.Build.0 = Release|Any CPU
		{2A8FE202-4BD6-43A2-A450-90B4034C6BA1}.Release|x86.ActiveCfg = Release|x86
		{2A8FE202-4BD6-43A2-A450-90B4034C6BA1}.Release|x86.Build.0 = Release|x86
		{C75532C4-765B-418E-B09B-46D36B2ABDB1}.Debug|Any CPU.ActiveCfg = Debug|Any CPU
		{C75532C4-765B-418E-B09B-46D36B2ABDB1}.Debug|Any CPU.Build.0 = Debug|Any CPU
		{C75532C4-765B-418E-B09B-46D36B2ABDB1}.Debug|x64.ActiveCfg = Debug|Any CPU
		{C75532C4-765B-418E-B09B-46D36B2ABDB1}.Debug|x64.Build.0 = Debug|Any CPU
		{C75532C4-765B-418E-B09B-46D36B2ABDB1}.Debug|x86.ActiveCfg = Debug|Any CPU
		{C75532C4-765B-418E-B09B-46D36B2ABDB1}.Debug|x86.Build.0 = Debug|Any CPU
		{C75532C4-765B-418E-B09B-46D36B2ABDB1}.Release|Any CPU.ActiveCfg = Release|Any CPU
		{C75532C4-765B-418E-B09B-46D36B2ABDB1}.Release|Any CPU.Build.0 = Release|Any CPU
		{C75532C4-765B-418E-B09B-46D36B2ABDB1}.Release|x64.ActiveCfg = Release|Any CPU
		{C75532C4-765B-418E-B09B-46D36B2ABDB1}.Release|x64.Build.0 = Release|Any CPU
		{C75532C4-765B-418E-B09B-46D36B2ABDB1}.Release|x86.ActiveCfg = Release|Any CPU
		{C75532C4-765B-418E-B09B-46D36B2ABDB1}.Release|x86.Build.0 = Release|Any CPU
		{007D4AC8-948F-4816-86AD-B9D1343672C1}.Debug|Any CPU.ActiveCfg = Debug|Any CPU
		{007D4AC8-948F-4816-86AD-B9D1343672C1}.Debug|Any CPU.Build.0 = Debug|Any CPU
		{007D4AC8-948F-4816-86AD-B9D1343672C1}.Debug|x64.ActiveCfg = Debug|Any CPU
		{007D4AC8-948F-4816-86AD-B9D1343672C1}.Debug|x64.Build.0 = Debug|Any CPU
		{007D4AC8-948F-4816-86AD-B9D1343672C1}.Debug|x86.ActiveCfg = Debug|Any CPU
		{007D4AC8-948F-4816-86AD-B9D1343672C1}.Debug|x86.Build.0 = Debug|Any CPU
		{007D4AC8-948F-4816-86AD-B9D1343672C1}.Release|Any CPU.ActiveCfg = Release|Any CPU
		{007D4AC8-948F-4816-86AD-B9D1343672C1}.Release|Any CPU.Build.0 = Release|Any CPU
		{007D4AC8-948F-4816-86AD-B9D1343672C1}.Release|x64.ActiveCfg = Release|Any CPU
		{007D4AC8-948F-4816-86AD-B9D1343672C1}.Release|x64.Build.0 = Release|Any CPU
		{007D4AC8-948F-4816-86AD-B9D1343672C1}.Release|x86.ActiveCfg = Release|Any CPU
		{007D4AC8-948F-4816-86AD-B9D1343672C1}.Release|x86.Build.0 = Release|Any CPU
		{245E07F6-10D5-4CFA-B003-0DEB06B223DA}.Debug|Any CPU.ActiveCfg = Debug|Any CPU
		{245E07F6-10D5-4CFA-B003-0DEB06B223DA}.Debug|Any CPU.Build.0 = Debug|Any CPU
		{245E07F6-10D5-4CFA-B003-0DEB06B223DA}.Debug|x64.ActiveCfg = Debug|Any CPU
		{245E07F6-10D5-4CFA-B003-0DEB06B223DA}.Debug|x64.Build.0 = Debug|Any CPU
		{245E07F6-10D5-4CFA-B003-0DEB06B223DA}.Debug|x86.ActiveCfg = Debug|Any CPU
		{245E07F6-10D5-4CFA-B003-0DEB06B223DA}.Debug|x86.Build.0 = Debug|Any CPU
		{245E07F6-10D5-4CFA-B003-0DEB06B223DA}.Release|Any CPU.ActiveCfg = Release|Any CPU
		{245E07F6-10D5-4CFA-B003-0DEB06B223DA}.Release|Any CPU.Build.0 = Release|Any CPU
		{245E07F6-10D5-4CFA-B003-0DEB06B223DA}.Release|x64.ActiveCfg = Release|Any CPU
		{245E07F6-10D5-4CFA-B003-0DEB06B223DA}.Release|x64.Build.0 = Release|Any CPU
		{245E07F6-10D5-4CFA-B003-0DEB06B223DA}.Release|x86.ActiveCfg = Release|Any CPU
		{245E07F6-10D5-4CFA-B003-0DEB06B223DA}.Release|x86.Build.0 = Release|Any CPU
		{4ED4FDB5-9FD0-49E6-876D-1635F727C755}.Debug|Any CPU.ActiveCfg = Debug|Any CPU
		{4ED4FDB5-9FD0-49E6-876D-1635F727C755}.Debug|Any CPU.Build.0 = Debug|Any CPU
		{4ED4FDB5-9FD0-49E6-876D-1635F727C755}.Debug|x64.ActiveCfg = Debug|Any CPU
		{4ED4FDB5-9FD0-49E6-876D-1635F727C755}.Debug|x64.Build.0 = Debug|Any CPU
		{4ED4FDB5-9FD0-49E6-876D-1635F727C755}.Debug|x86.ActiveCfg = Debug|Any CPU
		{4ED4FDB5-9FD0-49E6-876D-1635F727C755}.Debug|x86.Build.0 = Debug|Any CPU
		{4ED4FDB5-9FD0-49E6-876D-1635F727C755}.Release|Any CPU.ActiveCfg = Release|Any CPU
		{4ED4FDB5-9FD0-49E6-876D-1635F727C755}.Release|Any CPU.Build.0 = Release|Any CPU
		{4ED4FDB5-9FD0-49E6-876D-1635F727C755}.Release|x64.ActiveCfg = Release|Any CPU
		{4ED4FDB5-9FD0-49E6-876D-1635F727C755}.Release|x64.Build.0 = Release|Any CPU
		{4ED4FDB5-9FD0-49E6-876D-1635F727C755}.Release|x86.ActiveCfg = Release|Any CPU
		{4ED4FDB5-9FD0-49E6-876D-1635F727C755}.Release|x86.Build.0 = Release|Any CPU
		{01B09009-BD30-47F2-B318-4B583D606C61}.Debug|Any CPU.ActiveCfg = Debug|Any CPU
		{01B09009-BD30-47F2-B318-4B583D606C61}.Debug|Any CPU.Build.0 = Debug|Any CPU
		{01B09009-BD30-47F2-B318-4B583D606C61}.Debug|x64.ActiveCfg = Debug|Any CPU
		{01B09009-BD30-47F2-B318-4B583D606C61}.Debug|x64.Build.0 = Debug|Any CPU
		{01B09009-BD30-47F2-B318-4B583D606C61}.Debug|x86.ActiveCfg = Debug|Any CPU
		{01B09009-BD30-47F2-B318-4B583D606C61}.Debug|x86.Build.0 = Debug|Any CPU
		{01B09009-BD30-47F2-B318-4B583D606C61}.Release|Any CPU.ActiveCfg = Release|Any CPU
		{01B09009-BD30-47F2-B318-4B583D606C61}.Release|Any CPU.Build.0 = Release|Any CPU
		{01B09009-BD30-47F2-B318-4B583D606C61}.Release|x64.ActiveCfg = Release|Any CPU
		{01B09009-BD30-47F2-B318-4B583D606C61}.Release|x64.Build.0 = Release|Any CPU
		{01B09009-BD30-47F2-B318-4B583D606C61}.Release|x86.ActiveCfg = Release|Any CPU
		{01B09009-BD30-47F2-B318-4B583D606C61}.Release|x86.Build.0 = Release|Any CPU
		{719F0F69-66DA-438D-B5BB-2D883EF4ACE2}.Debug|Any CPU.ActiveCfg = Debug|Any CPU
		{719F0F69-66DA-438D-B5BB-2D883EF4ACE2}.Debug|Any CPU.Build.0 = Debug|Any CPU
		{719F0F69-66DA-438D-B5BB-2D883EF4ACE2}.Debug|x64.ActiveCfg = Debug|Any CPU
		{719F0F69-66DA-438D-B5BB-2D883EF4ACE2}.Debug|x64.Build.0 = Debug|Any CPU
		{719F0F69-66DA-438D-B5BB-2D883EF4ACE2}.Debug|x86.ActiveCfg = Debug|Any CPU
		{719F0F69-66DA-438D-B5BB-2D883EF4ACE2}.Debug|x86.Build.0 = Debug|Any CPU
		{719F0F69-66DA-438D-B5BB-2D883EF4ACE2}.Release|Any CPU.ActiveCfg = Release|Any CPU
		{719F0F69-66DA-438D-B5BB-2D883EF4ACE2}.Release|Any CPU.Build.0 = Release|Any CPU
		{719F0F69-66DA-438D-B5BB-2D883EF4ACE2}.Release|x64.ActiveCfg = Release|Any CPU
		{719F0F69-66DA-438D-B5BB-2D883EF4ACE2}.Release|x64.Build.0 = Release|Any CPU
		{719F0F69-66DA-438D-B5BB-2D883EF4ACE2}.Release|x86.ActiveCfg = Release|Any CPU
		{719F0F69-66DA-438D-B5BB-2D883EF4ACE2}.Release|x86.Build.0 = Release|Any CPU
		{450EDCF1-9EC4-426C-B634-250B60B17070}.Debug|Any CPU.ActiveCfg = Debug|Any CPU
		{450EDCF1-9EC4-426C-B634-250B60B17070}.Debug|Any CPU.Build.0 = Debug|Any CPU
		{450EDCF1-9EC4-426C-B634-250B60B17070}.Debug|x64.ActiveCfg = Debug|Any CPU
		{450EDCF1-9EC4-426C-B634-250B60B17070}.Debug|x64.Build.0 = Debug|Any CPU
		{450EDCF1-9EC4-426C-B634-250B60B17070}.Debug|x86.ActiveCfg = Debug|Any CPU
		{450EDCF1-9EC4-426C-B634-250B60B17070}.Debug|x86.Build.0 = Debug|Any CPU
		{450EDCF1-9EC4-426C-B634-250B60B17070}.Release|Any CPU.ActiveCfg = Release|Any CPU
		{450EDCF1-9EC4-426C-B634-250B60B17070}.Release|Any CPU.Build.0 = Release|Any CPU
		{450EDCF1-9EC4-426C-B634-250B60B17070}.Release|x64.ActiveCfg = Release|Any CPU
		{450EDCF1-9EC4-426C-B634-250B60B17070}.Release|x64.Build.0 = Release|Any CPU
		{450EDCF1-9EC4-426C-B634-250B60B17070}.Release|x86.ActiveCfg = Release|Any CPU
		{450EDCF1-9EC4-426C-B634-250B60B17070}.Release|x86.Build.0 = Release|Any CPU
		{251CAE99-2279-4B09-AFE1-123C69030457}.Debug|Any CPU.ActiveCfg = Debug|Any CPU
		{251CAE99-2279-4B09-AFE1-123C69030457}.Debug|Any CPU.Build.0 = Debug|Any CPU
		{251CAE99-2279-4B09-AFE1-123C69030457}.Debug|x64.ActiveCfg = Debug|x64
		{251CAE99-2279-4B09-AFE1-123C69030457}.Debug|x64.Build.0 = Debug|x64
		{251CAE99-2279-4B09-AFE1-123C69030457}.Debug|x86.ActiveCfg = Debug|x86
		{251CAE99-2279-4B09-AFE1-123C69030457}.Debug|x86.Build.0 = Debug|x86
		{251CAE99-2279-4B09-AFE1-123C69030457}.Release|Any CPU.ActiveCfg = Release|Any CPU
		{251CAE99-2279-4B09-AFE1-123C69030457}.Release|Any CPU.Build.0 = Release|Any CPU
		{251CAE99-2279-4B09-AFE1-123C69030457}.Release|x64.ActiveCfg = Release|x64
		{251CAE99-2279-4B09-AFE1-123C69030457}.Release|x64.Build.0 = Release|x64
		{251CAE99-2279-4B09-AFE1-123C69030457}.Release|x86.ActiveCfg = Release|x86
		{251CAE99-2279-4B09-AFE1-123C69030457}.Release|x86.Build.0 = Release|x86
		{A89888E2-7EE1-4490-B860-D6DBF5601958}.Debug|Any CPU.ActiveCfg = Debug|Any CPU
		{A89888E2-7EE1-4490-B860-D6DBF5601958}.Debug|Any CPU.Build.0 = Debug|Any CPU
		{A89888E2-7EE1-4490-B860-D6DBF5601958}.Debug|x64.ActiveCfg = Debug|x64
		{A89888E2-7EE1-4490-B860-D6DBF5601958}.Debug|x64.Build.0 = Debug|x64
		{A89888E2-7EE1-4490-B860-D6DBF5601958}.Debug|x86.ActiveCfg = Debug|x86
		{A89888E2-7EE1-4490-B860-D6DBF5601958}.Debug|x86.Build.0 = Debug|x86
		{A89888E2-7EE1-4490-B860-D6DBF5601958}.Release|Any CPU.ActiveCfg = Release|Any CPU
		{A89888E2-7EE1-4490-B860-D6DBF5601958}.Release|Any CPU.Build.0 = Release|Any CPU
		{A89888E2-7EE1-4490-B860-D6DBF5601958}.Release|x64.ActiveCfg = Release|x64
		{A89888E2-7EE1-4490-B860-D6DBF5601958}.Release|x64.Build.0 = Release|x64
		{A89888E2-7EE1-4490-B860-D6DBF5601958}.Release|x86.ActiveCfg = Release|x86
		{A89888E2-7EE1-4490-B860-D6DBF5601958}.Release|x86.Build.0 = Release|x86
		{F9563A3B-9E39-4926-A1F7-E1A36A113420}.Debug|Any CPU.ActiveCfg = Debug|Any CPU
		{F9563A3B-9E39-4926-A1F7-E1A36A113420}.Debug|Any CPU.Build.0 = Debug|Any CPU
		{F9563A3B-9E39-4926-A1F7-E1A36A113420}.Debug|x64.ActiveCfg = Debug|Any CPU
		{F9563A3B-9E39-4926-A1F7-E1A36A113420}.Debug|x64.Build.0 = Debug|Any CPU
		{F9563A3B-9E39-4926-A1F7-E1A36A113420}.Debug|x86.ActiveCfg = Debug|x86
		{F9563A3B-9E39-4926-A1F7-E1A36A113420}.Debug|x86.Build.0 = Debug|x86
		{F9563A3B-9E39-4926-A1F7-E1A36A113420}.Release|Any CPU.ActiveCfg = Release|Any CPU
		{F9563A3B-9E39-4926-A1F7-E1A36A113420}.Release|Any CPU.Build.0 = Release|Any CPU
		{F9563A3B-9E39-4926-A1F7-E1A36A113420}.Release|x64.ActiveCfg = Release|Any CPU
		{F9563A3B-9E39-4926-A1F7-E1A36A113420}.Release|x64.Build.0 = Release|Any CPU
		{F9563A3B-9E39-4926-A1F7-E1A36A113420}.Release|x86.ActiveCfg = Release|x86
		{F9563A3B-9E39-4926-A1F7-E1A36A113420}.Release|x86.Build.0 = Release|x86
		{26B8916B-E463-40A9-925B-3ABCFDCD08B1}.Debug|Any CPU.ActiveCfg = Debug|Any CPU
		{26B8916B-E463-40A9-925B-3ABCFDCD08B1}.Debug|Any CPU.Build.0 = Debug|Any CPU
		{26B8916B-E463-40A9-925B-3ABCFDCD08B1}.Debug|x64.ActiveCfg = Debug|Any CPU
		{26B8916B-E463-40A9-925B-3ABCFDCD08B1}.Debug|x64.Build.0 = Debug|Any CPU
		{26B8916B-E463-40A9-925B-3ABCFDCD08B1}.Debug|x86.ActiveCfg = Debug|x86
		{26B8916B-E463-40A9-925B-3ABCFDCD08B1}.Debug|x86.Build.0 = Debug|x86
		{26B8916B-E463-40A9-925B-3ABCFDCD08B1}.Release|Any CPU.ActiveCfg = Release|Any CPU
		{26B8916B-E463-40A9-925B-3ABCFDCD08B1}.Release|Any CPU.Build.0 = Release|Any CPU
		{26B8916B-E463-40A9-925B-3ABCFDCD08B1}.Release|x64.ActiveCfg = Release|x64
		{26B8916B-E463-40A9-925B-3ABCFDCD08B1}.Release|x64.Build.0 = Release|x64
		{26B8916B-E463-40A9-925B-3ABCFDCD08B1}.Release|x86.ActiveCfg = Release|x86
		{26B8916B-E463-40A9-925B-3ABCFDCD08B1}.Release|x86.Build.0 = Release|x86
		{8255004B-940A-4DA4-8159-5CD6B43F55E5}.Debug|Any CPU.ActiveCfg = Debug|Any CPU
		{8255004B-940A-4DA4-8159-5CD6B43F55E5}.Debug|Any CPU.Build.0 = Debug|Any CPU
		{8255004B-940A-4DA4-8159-5CD6B43F55E5}.Debug|x64.ActiveCfg = Debug|Any CPU
		{8255004B-940A-4DA4-8159-5CD6B43F55E5}.Debug|x64.Build.0 = Debug|Any CPU
		{8255004B-940A-4DA4-8159-5CD6B43F55E5}.Debug|x86.ActiveCfg = Debug|Any CPU
		{8255004B-940A-4DA4-8159-5CD6B43F55E5}.Debug|x86.Build.0 = Debug|Any CPU
		{8255004B-940A-4DA4-8159-5CD6B43F55E5}.Release|Any CPU.ActiveCfg = Release|Any CPU
		{8255004B-940A-4DA4-8159-5CD6B43F55E5}.Release|Any CPU.Build.0 = Release|Any CPU
		{8255004B-940A-4DA4-8159-5CD6B43F55E5}.Release|x64.ActiveCfg = Release|Any CPU
		{8255004B-940A-4DA4-8159-5CD6B43F55E5}.Release|x64.Build.0 = Release|Any CPU
		{8255004B-940A-4DA4-8159-5CD6B43F55E5}.Release|x86.ActiveCfg = Release|Any CPU
		{8255004B-940A-4DA4-8159-5CD6B43F55E5}.Release|x86.Build.0 = Release|Any CPU
		{57F6221D-1B7E-4A43-B31C-084A3F01EDCD}.Debug|Any CPU.ActiveCfg = Debug|Any CPU
		{57F6221D-1B7E-4A43-B31C-084A3F01EDCD}.Debug|Any CPU.Build.0 = Debug|Any CPU
		{57F6221D-1B7E-4A43-B31C-084A3F01EDCD}.Debug|x64.ActiveCfg = Debug|Any CPU
		{57F6221D-1B7E-4A43-B31C-084A3F01EDCD}.Debug|x64.Build.0 = Debug|Any CPU
		{57F6221D-1B7E-4A43-B31C-084A3F01EDCD}.Debug|x86.ActiveCfg = Debug|Any CPU
		{57F6221D-1B7E-4A43-B31C-084A3F01EDCD}.Debug|x86.Build.0 = Debug|Any CPU
		{57F6221D-1B7E-4A43-B31C-084A3F01EDCD}.Release|Any CPU.ActiveCfg = Release|Any CPU
		{57F6221D-1B7E-4A43-B31C-084A3F01EDCD}.Release|Any CPU.Build.0 = Release|Any CPU
		{57F6221D-1B7E-4A43-B31C-084A3F01EDCD}.Release|x64.ActiveCfg = Release|Any CPU
		{57F6221D-1B7E-4A43-B31C-084A3F01EDCD}.Release|x64.Build.0 = Release|Any CPU
		{57F6221D-1B7E-4A43-B31C-084A3F01EDCD}.Release|x86.ActiveCfg = Release|Any CPU
		{57F6221D-1B7E-4A43-B31C-084A3F01EDCD}.Release|x86.Build.0 = Release|Any CPU
		{D1E08F6A-9F67-4BD8-B8FC-CEC92ABD9B69}.Debug|Any CPU.ActiveCfg = Debug|Any CPU
		{D1E08F6A-9F67-4BD8-B8FC-CEC92ABD9B69}.Debug|Any CPU.Build.0 = Debug|Any CPU
		{D1E08F6A-9F67-4BD8-B8FC-CEC92ABD9B69}.Debug|x64.ActiveCfg = Debug|Any CPU
		{D1E08F6A-9F67-4BD8-B8FC-CEC92ABD9B69}.Debug|x64.Build.0 = Debug|Any CPU
		{D1E08F6A-9F67-4BD8-B8FC-CEC92ABD9B69}.Debug|x86.ActiveCfg = Debug|Any CPU
		{D1E08F6A-9F67-4BD8-B8FC-CEC92ABD9B69}.Debug|x86.Build.0 = Debug|Any CPU
		{D1E08F6A-9F67-4BD8-B8FC-CEC92ABD9B69}.Release|Any CPU.ActiveCfg = Release|Any CPU
		{D1E08F6A-9F67-4BD8-B8FC-CEC92ABD9B69}.Release|Any CPU.Build.0 = Release|Any CPU
		{D1E08F6A-9F67-4BD8-B8FC-CEC92ABD9B69}.Release|x64.ActiveCfg = Release|Any CPU
		{D1E08F6A-9F67-4BD8-B8FC-CEC92ABD9B69}.Release|x64.Build.0 = Release|Any CPU
		{D1E08F6A-9F67-4BD8-B8FC-CEC92ABD9B69}.Release|x86.ActiveCfg = Release|Any CPU
		{D1E08F6A-9F67-4BD8-B8FC-CEC92ABD9B69}.Release|x86.Build.0 = Release|Any CPU
		{CD1138D8-E6D9-4A50-8D69-3C50D6F6156A}.Debug|Any CPU.ActiveCfg = Debug|Any CPU
		{CD1138D8-E6D9-4A50-8D69-3C50D6F6156A}.Debug|Any CPU.Build.0 = Debug|Any CPU
		{CD1138D8-E6D9-4A50-8D69-3C50D6F6156A}.Debug|x64.ActiveCfg = Debug|Any CPU
		{CD1138D8-E6D9-4A50-8D69-3C50D6F6156A}.Debug|x64.Build.0 = Debug|Any CPU
		{CD1138D8-E6D9-4A50-8D69-3C50D6F6156A}.Debug|x86.ActiveCfg = Debug|Any CPU
		{CD1138D8-E6D9-4A50-8D69-3C50D6F6156A}.Debug|x86.Build.0 = Debug|Any CPU
		{CD1138D8-E6D9-4A50-8D69-3C50D6F6156A}.Release|Any CPU.ActiveCfg = Release|Any CPU
		{CD1138D8-E6D9-4A50-8D69-3C50D6F6156A}.Release|Any CPU.Build.0 = Release|Any CPU
		{CD1138D8-E6D9-4A50-8D69-3C50D6F6156A}.Release|x64.ActiveCfg = Release|Any CPU
		{CD1138D8-E6D9-4A50-8D69-3C50D6F6156A}.Release|x64.Build.0 = Release|Any CPU
		{CD1138D8-E6D9-4A50-8D69-3C50D6F6156A}.Release|x86.ActiveCfg = Release|Any CPU
		{CD1138D8-E6D9-4A50-8D69-3C50D6F6156A}.Release|x86.Build.0 = Release|Any CPU
		{7E06C2CA-FD55-49BE-A865-43639C4256D4}.Debug|Any CPU.ActiveCfg = Debug|Any CPU
		{7E06C2CA-FD55-49BE-A865-43639C4256D4}.Debug|Any CPU.Build.0 = Debug|Any CPU
		{7E06C2CA-FD55-49BE-A865-43639C4256D4}.Debug|x64.ActiveCfg = Debug|Any CPU
		{7E06C2CA-FD55-49BE-A865-43639C4256D4}.Debug|x64.Build.0 = Debug|Any CPU
		{7E06C2CA-FD55-49BE-A865-43639C4256D4}.Debug|x86.ActiveCfg = Debug|x86
		{7E06C2CA-FD55-49BE-A865-43639C4256D4}.Debug|x86.Build.0 = Debug|x86
		{7E06C2CA-FD55-49BE-A865-43639C4256D4}.Release|Any CPU.ActiveCfg = Release|Any CPU
		{7E06C2CA-FD55-49BE-A865-43639C4256D4}.Release|Any CPU.Build.0 = Release|Any CPU
		{7E06C2CA-FD55-49BE-A865-43639C4256D4}.Release|x64.ActiveCfg = Release|Any CPU
		{7E06C2CA-FD55-49BE-A865-43639C4256D4}.Release|x64.Build.0 = Release|Any CPU
		{7E06C2CA-FD55-49BE-A865-43639C4256D4}.Release|x86.ActiveCfg = Release|x86
		{7E06C2CA-FD55-49BE-A865-43639C4256D4}.Release|x86.Build.0 = Release|x86
		{5F59F145-FA27-42A7-8D5B-105733E7E084}.Debug|Any CPU.ActiveCfg = Debug|Any CPU
		{5F59F145-FA27-42A7-8D5B-105733E7E084}.Debug|Any CPU.Build.0 = Debug|Any CPU
		{5F59F145-FA27-42A7-8D5B-105733E7E084}.Debug|x64.ActiveCfg = Debug|Any CPU
		{5F59F145-FA27-42A7-8D5B-105733E7E084}.Debug|x64.Build.0 = Debug|Any CPU
		{5F59F145-FA27-42A7-8D5B-105733E7E084}.Debug|x86.ActiveCfg = Debug|Any CPU
		{5F59F145-FA27-42A7-8D5B-105733E7E084}.Debug|x86.Build.0 = Debug|Any CPU
		{5F59F145-FA27-42A7-8D5B-105733E7E084}.Release|Any CPU.ActiveCfg = Release|Any CPU
		{5F59F145-FA27-42A7-8D5B-105733E7E084}.Release|Any CPU.Build.0 = Release|Any CPU
		{5F59F145-FA27-42A7-8D5B-105733E7E084}.Release|x64.ActiveCfg = Release|Any CPU
		{5F59F145-FA27-42A7-8D5B-105733E7E084}.Release|x64.Build.0 = Release|Any CPU
		{5F59F145-FA27-42A7-8D5B-105733E7E084}.Release|x86.ActiveCfg = Release|Any CPU
		{5F59F145-FA27-42A7-8D5B-105733E7E084}.Release|x86.Build.0 = Release|Any CPU
		{99ECA0E8-B420-4645-979D-224F135286BE}.Debug|Any CPU.ActiveCfg = Debug|Any CPU
		{99ECA0E8-B420-4645-979D-224F135286BE}.Debug|Any CPU.Build.0 = Debug|Any CPU
		{99ECA0E8-B420-4645-979D-224F135286BE}.Debug|x64.ActiveCfg = Debug|Any CPU
		{99ECA0E8-B420-4645-979D-224F135286BE}.Debug|x64.Build.0 = Debug|Any CPU
		{99ECA0E8-B420-4645-979D-224F135286BE}.Debug|x86.ActiveCfg = Debug|Any CPU
		{99ECA0E8-B420-4645-979D-224F135286BE}.Debug|x86.Build.0 = Debug|Any CPU
		{99ECA0E8-B420-4645-979D-224F135286BE}.Release|Any CPU.ActiveCfg = Release|Any CPU
		{99ECA0E8-B420-4645-979D-224F135286BE}.Release|Any CPU.Build.0 = Release|Any CPU
		{99ECA0E8-B420-4645-979D-224F135286BE}.Release|x64.ActiveCfg = Release|Any CPU
		{99ECA0E8-B420-4645-979D-224F135286BE}.Release|x64.Build.0 = Release|Any CPU
		{99ECA0E8-B420-4645-979D-224F135286BE}.Release|x86.ActiveCfg = Release|Any CPU
		{99ECA0E8-B420-4645-979D-224F135286BE}.Release|x86.Build.0 = Release|Any CPU
	EndGlobalSection
	GlobalSection(SolutionProperties) = preSolution
		HideSolutionNode = FALSE
	EndGlobalSection
	GlobalSection(NestedProjects) = preSolution
		{007D4AC8-948F-4816-86AD-B9D1343672C1} = {CB51D46B-FF95-423B-87A4-8EF6066E2769}
		{245E07F6-10D5-4CFA-B003-0DEB06B223DA} = {CB51D46B-FF95-423B-87A4-8EF6066E2769}
		{4ED4FDB5-9FD0-49E6-876D-1635F727C755} = {CB51D46B-FF95-423B-87A4-8EF6066E2769}
		{01B09009-BD30-47F2-B318-4B583D606C61} = {CB51D46B-FF95-423B-87A4-8EF6066E2769}
		{719F0F69-66DA-438D-B5BB-2D883EF4ACE2} = {CB51D46B-FF95-423B-87A4-8EF6066E2769}
	EndGlobalSection
EndGlobal
